
Microsoft Visual Studio Solution File, Format Version 9.00
# Visual Studio 2005
Project("{8BC9CEB8-8B4A-11D0-8D11-00A0C91BC942}") = "DynamicChangeIP", "DynamicChangeIP\DynamicChangeIP.vcproj", "{EFAB322D-17E0-4D88-B417-3EED4E6D6AAA}"
EndProject
Global
	GlobalSection(SolutionConfigurationPlatforms) = preSolution
		Debug|Win32 = Debug|Win32
		Release|Win32 = Release|Win32
	EndGlobalSection
	GlobalSection(ProjectConfigurationPlatforms) = postSolution
		{EFAB322D-17E0-4D88-B417-3EED4E6D6AAA}.Debug|Win32.ActiveCfg = Debug|Win32
		{EFAB322D-17E0-4D88-B417-3EED4E6D6AAA}.Debug|Win32.Build.0 = Debug|Win32
		{EFAB322D-17E0-4D88-B417-3EED4E6D6AAA}.Release|Win32.ActiveCfg = Release|Win32
		{EFAB322D-17E0-4D88-B417-3EED4E6D6AAA}.Release|Win32.Build.0 = Release|Win32
	EndGlobalSection
	GlobalSection(SolutionProperties) = preSolution
		HideSolutionNode = FALSE
	EndGlobalSection
EndGlobal
